
Microsoft Visual Studio Solution File, Format Version 12.00
# Visual Studio Version 17
VisualStudioVersion = 17.5.2.0
MinimumVisualStudioVersion = 10.0.40219.1
Project("{FAE04EC0-301F-11D3-BF4B-00C04F79EFBC}") = "HS2Sandbox.CopyScript", "targets\HS2\CopyScript\HS2Sandbox.CopyScript.csproj", "{C5EBB6D1-BA64-4D51-8B42-22C9F1FC8D2B}"
EndProject
Project("{FAE04EC0-301F-11D3-BF4B-00C04F79EFBC}") = "HS2Sandbox.Timeline", "targets\HS2\Timeline\HS2Sandbox.Timeline.csproj", "{6E9D0BBA-59B3-41E4-AE77-A7F9A5D23A44}"
EndProject
Project("{FAE04EC0-301F-11D3-BF4B-00C04F79EFBC}") = "HS2Sandbox.SearchBarManager", "targets\HS2\SearchBarManager\HS2Sandbox.SearchBarManager.csproj", "{37B6D0AF-48D1-4E4D-9A3D-1C29A4A7E3D9}"
EndProject
Project("{FAE04EC0-301F-11D3-BF4B-00C04F79EFBC}") = "HS2Sandbox.SonScale", "targets\HS2\SonScale\HS2Sandbox.SonScale.csproj", "{A1B2C3D4-E5F6-7890-ABCD-EF1234567890}"
EndProject
Project("{FAE04EC0-301F-11D3-BF4B-00C04F79EFBC}") = "HS2Sandbox.WorkspaceTreeLock", "targets\HS2\WorkspaceTreeLock\HS2Sandbox.WorkspaceTreeLock.csproj", "{B2C3D4E5-F6A7-8901-BCDE-F12345678901}"
EndProject
Project("{FAE04EC0-301F-11D3-BF4B-00C04F79EFBC}") = "HS2Sandbox.Notebook", "targets\HS2\Notebook\HS2Sandbox.Notebook.csproj", "{C3D4E5F6-A7B8-9012-CDEF-234567890123}"
EndProject
Project("{FAE04EC0-301F-11D3-BF4B-00C04F79EFBC}") = "HS2Sandbox.PoseBrowser", "targets\HS2\PoseBrowser\HS2Sandbox.PoseBrowser.csproj", "{D4E5F6A7-B8C9-0123-DEFA-345678901234}"
EndProject
Project("{FAE04EC0-301F-11D3-BF4B-00C04F79EFBC}") = "KKSSandbox.PoseBrowser", "targets\KKS\PoseBrowser\KKSSandbox.PoseBrowser.csproj", "{E5F6A7B8-C9D0-1234-EFAB-456789012345}"
EndProject
Project("{2150E333-8FDC-42A3-9474-1A3956D46DE8}") = "targets", "targets", "{BA2F99F9-9746-F2C6-F6E4-864B78F18D06}"
EndProject
Project("{2150E333-8FDC-42A3-9474-1A3956D46DE8}") = "KK", "KK", "{05B02A4A-5ABA-C098-8AAA-AA83930CBB7D}"
EndProject
Project("{2150E333-8FDC-42A3-9474-1A3956D46DE8}") = "PoseBrowser", "PoseBrowser", "{C9548A54-612C-2091-25A3-9D1916002699}"
EndProject
Project("{FAE04EC0-301F-11D3-BF4B-00C04F79EFBC}") = "KKSandbox.PoseBrowser", "targets\KK\PoseBrowser\KKSandbox.PoseBrowser.csproj", "{BC903573-42B0-42A2-A41A-4608BA1CE686}"
EndProject
Project("{2150E333-8FDC-42A3-9474-1A3956D46DE8}") = "AnimBrowser", "AnimBrowser", "{A1B2C3D4-1111-2222-3333-444455556666}"
EndProject
Project("{FAE04EC0-301F-11D3-BF4B-00C04F79EFBC}") = "HS2Sandbox.AnimBrowser", "targets\HS2\AnimBrowser\HS2Sandbox.AnimBrowser.csproj", "{F1E2D3C4-B5A6-9788-7766-554433221100}"
EndProject
Project("{FAE04EC0-301F-11D3-BF4B-00C04F79EFBC}") = "KKSSandbox.AnimBrowser", "targets\KKS\AnimBrowser\KKSSandbox.AnimBrowser.csproj", "{F1E2D3C4-B5A6-9788-7766-554433221101}"
EndProject
Project("{FAE04EC0-301F-11D3-BF4B-00C04F79EFBC}") = "KKSandbox.AnimBrowser", "targets\KK\AnimBrowser\KKSandbox.AnimBrowser.csproj", "{F1E2D3C4-B5A6-9788-7766-554433221102}"
EndProject
Project("{FAE04EC0-301F-11D3-BF4B-00C04F79EFBC}") = "AISandbox.PoseBrowser", "targets\AI\PoseBrowser\AISandbox.PoseBrowser.csproj", "{F1E2D3C4-B5A6-9788-7766-554433221200}"
EndProject
Project("{FAE04EC0-301F-11D3-BF4B-00C04F79EFBC}") = "AISandbox.AnimBrowser", "targets\AI\AnimBrowser\AISandbox.AnimBrowser.csproj", "{F1E2D3C4-B5A6-9788-7766-554433221201}"
EndProject
Global
	GlobalSection(SolutionConfigurationPlatforms) = preSolution
		Debug|Any CPU = Debug|Any CPU
		Debug|x64 = Debug|x64
		Debug|x86 = Debug|x86
		Release|Any CPU = Release|Any CPU
		Release|x64 = Release|x64
		Release|x86 = Release|x86
	EndGlobalSection
	GlobalSection(ProjectConfigurationPlatforms) = postSolution
		{C5EBB6D1-BA64-4D51-8B42-22C9F1FC8D2B}.Debug|Any CPU.ActiveCfg = Debug|Any CPU
		{C5EBB6D1-BA64-4D51-8B42-22C9F1FC8D2B}.Debug|Any CPU.Build.0 = Debug|Any CPU
		{C5EBB6D1-BA64-4D51-8B42-22C9F1FC8D2B}.Debug|x64.ActiveCfg = Debug|Any CPU
		{C5EBB6D1-BA64-4D51-8B42-22C9F1FC8D2B}.Debug|x64.Build.0 = Debug|Any CPU
		{C5EBB6D1-BA64-4D51-8B42-22C9F1FC8D2B}.Debug|x86.ActiveCfg = Debug|Any CPU
		{C5EBB6D1-BA64-4D51-8B42-22C9F1FC8D2B}.Debug|x86.Build.0 = Debug|Any CPU
		{C5EBB6D1-BA64-4D51-8B42-22C9F1FC8D2B}.Release|Any CPU.ActiveCfg = Release|Any CPU
		{C5EBB6D1-BA64-4D51-8B42-22C9F1FC8D2B}.Release|Any CPU.Build.0 = Release|Any CPU
		{C5EBB6D1-BA64-4D51-8B42-22C9F1FC8D2B}.Release|x64.ActiveCfg = Release|Any CPU
		{C5EBB6D1-BA64-4D51-8B42-22C9F1FC8D2B}.Release|x64.Build.0 = Release|Any CPU
		{C5EBB6D1-BA64-4D51-8B42-22C9F1FC8D2B}.Release|x86.ActiveCfg = Release|Any CPU
		{C5EBB6D1-BA64-4D51-8B42-22C9F1FC8D2B}.Release|x86.Build.0 = Release|Any CPU
		{6E9D0BBA-59B3-41E4-AE77-A7F9A5D23A44}.Debug|Any CPU.ActiveCfg = Debug|Any CPU
		{6E9D0BBA-59B3-41E4-AE77-A7F9A5D23A44}.Debug|Any CPU.Build.0 = Debug|Any CPU
		{6E9D0BBA-59B3-41E4-AE77-A7F9A5D23A44}.Debug|x64.ActiveCfg = Debug|Any CPU
		{6E9D0BBA-59B3-41E4-AE77-A7F9A5D23A44}.Debug|x64.Build.0 = Debug|Any CPU
		{6E9D0BBA-59B3-41E4-AE77-A7F9A5D23A44}.Debug|x86.ActiveCfg = Debug|Any CPU
		{6E9D0BBA-59B3-41E4-AE77-A7F9A5D23A44}.Debug|x86.Build.0 = Debug|Any CPU
		{6E9D0BBA-59B3-41E4-AE77-A7F9A5D23A44}.Release|Any CPU.ActiveCfg = Release|Any CPU
		{6E9D0BBA-59B3-41E4-AE77-A7F9A5D23A44}.Release|Any CPU.Build.0 = Release|Any CPU
		{6E9D0BBA-59B3-41E4-AE77-A7F9A5D23A44}.Release|x64.ActiveCfg = Release|Any CPU
		{6E9D0BBA-59B3-41E4-AE77-A7F9A5D23A44}.Release|x64.Build.0 = Release|Any CPU
		{6E9D0BBA-59B3-41E4-AE77-A7F9A5D23A44}.Release|x86.ActiveCfg = Release|Any CPU
		{6E9D0BBA-59B3-41E4-AE77-A7F9A5D23A44}.Release|x86.Build.0 = Release|Any CPU
		{37B6D0AF-48D1-4E4D-9A3D-1C29A4A7E3D9}.Debug|Any CPU.ActiveCfg = Debug|Any CPU
		{37B6D0AF-48D1-4E4D-9A3D-1C29A4A7E3D9}.Debug|Any CPU.Build.0 = Debug|Any CPU
		{37B6D0AF-48D1-4E4D-9A3D-1C29A4A7E3D9}.Debug|x64.ActiveCfg = Debug|Any CPU
		{37B6D0AF-48D1-4E4D-9A3D-1C29A4A7E3D9}.Debug|x64.Build.0 = Debug|Any CPU
		{37B6D0AF-48D1-4E4D-9A3D-1C29A4A7E3D9}.Debug|x86.ActiveCfg = Debug|Any CPU
		{37B6D0AF-48D1-4E4D-9A3D-1C29A4A7E3D9}.Debug|x86.Build.0 = Debug|Any CPU
		{37B6D0AF-48D1-4E4D-9A3D-1C29A4A7E3D9}.Release|Any CPU.ActiveCfg = Release|Any CPU
		{37B6D0AF-48D1-4E4D-9A3D-1C29A4A7E3D9}.Release|Any CPU.Build.0 = Release|Any CPU
		{37B6D0AF-48D1-4E4D-9A3D-1C29A4A7E3D9}.Release|x64.ActiveCfg = Release|Any CPU
		{37B6D0AF-48D1-4E4D-9A3D-1C29A4A7E3D9}.Release|x64.Build.0 = Release|Any CPU
		{37B6D0AF-48D1-4E4D-9A3D-1C29A4A7E3D9}.Release|x86.ActiveCfg = Release|Any CPU
		{37B6D0AF-48D1-4E4D-9A3D-1C29A4A7E3D9}.Release|x86.Build.0 = Release|Any CPU
		{A1B2C3D4-E5F6-7890-ABCD-EF1234567890}.Debug|Any CPU.ActiveCfg = Debug|Any CPU
		{A1B2C3D4-E5F6-7890-ABCD-EF1234567890}.Debug|Any CPU.Build.0 = Debug|Any CPU
		{A1B2C3D4-E5F6-7890-ABCD-EF1234567890}.Debug|x64.ActiveCfg = Debug|Any CPU
		{A1B2C3D4-E5F6-7890-ABCD-EF1234567890}.Debug|x64.Build.0 = Debug|Any CPU
		{A1B2C3D4-E5F6-7890-ABCD-EF1234567890}.Debug|x86.ActiveCfg = Debug|Any CPU
		{A1B2C3D4-E5F6-7890-ABCD-EF1234567890}.Debug|x86.Build.0 = Debug|Any CPU
		{A1B2C3D4-E5F6-7890-ABCD-EF1234567890}.Release|Any CPU.ActiveCfg = Release|Any CPU
		{A1B2C3D4-E5F6-7890-ABCD-EF1234567890}.Release|Any CPU.Build.0 = Release|Any CPU
		{A1B2C3D4-E5F6-7890-ABCD-EF1234567890}.Release|x64.ActiveCfg = Release|Any CPU
		{A1B2C3D4-E5F6-7890-ABCD-EF1234567890}.Release|x64.Build.0 = Release|Any CPU
		{A1B2C3D4-E5F6-7890-ABCD-EF1234567890}.Release|x86.ActiveCfg = Release|Any CPU
		{A1B2C3D4-E5F6-7890-ABCD-EF1234567890}.Release|x86.Build.0 = Release|Any CPU
		{B2C3D4E5-F6A7-8901-BCDE-F12345678901}.Debug|Any CPU.ActiveCfg = Debug|Any CPU
		{B2C3D4E5-F6A7-8901-BCDE-F12345678901}.Debug|Any CPU.Build.0 = Debug|Any CPU
		{B2C3D4E5-F6A7-8901-BCDE-F12345678901}.Debug|x64.ActiveCfg = Debug|Any CPU
		{B2C3D4E5-F6A7-8901-BCDE-F12345678901}.Debug|x64.Build.0 = Debug|Any CPU
		{B2C3D4E5-F6A7-8901-BCDE-F12345678901}.Debug|x86.ActiveCfg = Debug|Any CPU
		{B2C3D4E5-F6A7-8901-BCDE-F12345678901}.Debug|x86.Build.0 = Debug|Any CPU
		{B2C3D4E5-F6A7-8901-BCDE-F12345678901}.Release|Any CPU.ActiveCfg = Release|Any CPU
		{B2C3D4E5-F6A7-8901-BCDE-F12345678901}.Release|Any CPU.Build.0 = Release|Any CPU
		{B2C3D4E5-F6A7-8901-BCDE-F12345678901}.Release|x64.ActiveCfg = Release|Any CPU
		{B2C3D4E5-F6A7-8901-BCDE-F12345678901}.Release|x64.Build.0 = Release|Any CPU
		{B2C3D4E5-F6A7-8901-BCDE-F12345678901}.Release|x86.ActiveCfg = Release|Any CPU
		{B2C3D4E5-F6A7-8901-BCDE-F12345678901}.Release|x86.Build.0 = Release|Any CPU
		{C3D4E5F6-A7B8-9012-CDEF-234567890123}.Debug|Any CPU.ActiveCfg = Debug|Any CPU
		{C3D4E5F6-A7B8-9012-CDEF-234567890123}.Debug|Any CPU.Build.0 = Debug|Any CPU
		{C3D4E5F6-A7B8-9012-CDEF-234567890123}.Debug|x64.ActiveCfg = Debug|Any CPU
		{C3D4E5F6-A7B8-9012-CDEF-234567890123}.Debug|x64.Build.0 = Debug|Any CPU
		{C3D4E5F6-A7B8-9012-CDEF-234567890123}.Debug|x86.ActiveCfg = Debug|Any CPU
		{C3D4E5F6-A7B8-9012-CDEF-234567890123}.Debug|x86.Build.0 = Debug|Any CPU
		{C3D4E5F6-A7B8-9012-CDEF-234567890123}.Release|Any CPU.ActiveCfg = Release|Any CPU
		{C3D4E5F6-A7B8-9012-CDEF-234567890123}.Release|Any CPU.Build.0 = Release|Any CPU
		{C3D4E5F6-A7B8-9012-CDEF-234567890123}.Release|x64.ActiveCfg = Release|Any CPU
		{C3D4E5F6-A7B8-9012-CDEF-234567890123}.Release|x64.Build.0 = Release|Any CPU
		{C3D4E5F6-A7B8-9012-CDEF-234567890123}.Release|x86.ActiveCfg = Release|Any CPU
		{C3D4E5F6-A7B8-9012-CDEF-234567890123}.Release|x86.Build.0 = Release|Any CPU
		{D4E5F6A7-B8C9-0123-DEFA-345678901234}.Debug|Any CPU.ActiveCfg = Debug|Any CPU
		{D4E5F6A7-B8C9-0123-DEFA-345678901234}.Debug|Any CPU.Build.0 = Debug|Any CPU
		{D4E5F6A7-B8C9-0123-DEFA-345678901234}.Debug|x64.ActiveCfg = Debug|Any CPU
		{D4E5F6A7-B8C9-0123-DEFA-345678901234}.Debug|x64.Build.0 = Debug|Any CPU
		{D4E5F6A7-B8C9-0123-DEFA-345678901234}.Debug|x86.ActiveCfg = Debug|Any CPU
		{D4E5F6A7-B8C9-0123-DEFA-345678901234}.Debug|x86.Build.0 = Debug|Any CPU
		{D4E5F6A7-B8C9-0123-DEFA-345678901234}.Release|Any CPU.ActiveCfg = Release|Any CPU
		{D4E5F6A7-B8C9-0123-DEFA-345678901234}.Release|Any CPU.Build.0 = Release|Any CPU
		{D4E5F6A7-B8C9-0123-DEFA-345678901234}.Release|x64.ActiveCfg = Release|Any CPU
		{D4E5F6A7-B8C9-0123-DEFA-345678901234}.Release|x64.Build.0 = Release|Any CPU
		{D4E5F6A7-B8C9-0123-DEFA-345678901234}.Release|x86.ActiveCfg = Release|Any CPU
		{D4E5F6A7-B8C9-0123-DEFA-345678901234}.Release|x86.Build.0 = Release|Any CPU
		{E5F6A7B8-C9D0-1234-EFAB-456789012345}.Debug|Any CPU.ActiveCfg = Debug|Any CPU
		{E5F6A7B8-C9D0-1234-EFAB-456789012345}.Debug|Any CPU.Build.0 = Debug|Any CPU
		{E5F6A7B8-C9D0-1234-EFAB-456789012345}.Debug|x64.ActiveCfg = Debug|Any CPU
		{E5F6A7B8-C9D0-1234-EFAB-456789012345}.Debug|x64.Build.0 = Debug|Any CPU
		{E5F6A7B8-C9D0-1234-EFAB-456789012345}.Debug|x86.ActiveCfg = Debug|Any CPU
		{E5F6A7B8-C9D0-1234-EFAB-456789012345}.Debug|x86.Build.0 = Debug|Any CPU
		{E5F6A7B8-C9D0-1234-EFAB-456789012345}.Release|Any CPU.ActiveCfg = Release|Any CPU
		{E5F6A7B8-C9D0-1234-EFAB-456789012345}.Release|Any CPU.Build.0 = Release|Any CPU
		{E5F6A7B8-C9D0-1234-EFAB-456789012345}.Release|x64.ActiveCfg = Release|Any CPU
		{E5F6A7B8-C9D0-1234-EFAB-456789012345}.Release|x64.Build.0 = Release|Any CPU
		{E5F6A7B8-C9D0-1234-EFAB-456789012345}.Release|x86.ActiveCfg = Release|Any CPU
		{E5F6A7B8-C9D0-1234-EFAB-456789012345}.Release|x86.Build.0 = Release|Any CPU
		{BC903573-42B0-42A2-A41A-4608BA1CE686}.Debug|Any CPU.ActiveCfg = Debug|Any CPU
		{BC903573-42B0-42A2-A41A-4608BA1CE686}.Debug|Any CPU.Build.0 = Debug|Any CPU
		{BC903573-42B0-42A2-A41A-4608BA1CE686}.Debug|x64.ActiveCfg = Debug|Any CPU
		{BC903573-42B0-42A2-A41A-4608BA1CE686}.Debug|x64.Build.0 = Debug|Any CPU
		{BC903573-42B0-42A2-A41A-4608BA1CE686}.Debug|x86.ActiveCfg = Debug|Any CPU
		{BC903573-42B0-42A2-A41A-4608BA1CE686}.Debug|x86.Build.0 = Debug|Any CPU
		{BC903573-42B0-42A2-A41A-4608BA1CE686}.Release|Any CPU.ActiveCfg = Release|Any CPU
		{BC903573-42B0-42A2-A41A-4608BA1CE686}.Release|Any CPU.Build.0 = Release|Any CPU
		{BC903573-42B0-42A2-A41A-4608BA1CE686}.Release|x64.ActiveCfg = Release|Any CPU
		{BC903573-42B0-42A2-A41A-4608BA1CE686}.Release|x64.Build.0 = Release|Any CPU
		{BC903573-42B0-42A2-A41A-4608BA1CE686}.Release|x86.ActiveCfg = Release|Any CPU
		{BC903573-42B0-42A2-A41A-4608BA1CE686}.Release|x86.Build.0 = Release|Any CPU
		{F1E2D3C4-B5A6-9788-7766-554433221100}.Debug|Any CPU.ActiveCfg = Debug|Any CPU
		{F1E2D3C4-B5A6-9788-7766-554433221100}.Debug|Any CPU.Build.0 = Debug|Any CPU
		{F1E2D3C4-B5A6-9788-7766-554433221100}.Debug|x64.ActiveCfg = Debug|Any CPU
		{F1E2D3C4-B5A6-9788-7766-554433221100}.Debug|x64.Build.0 = Debug|Any CPU
		{F1E2D3C4-B5A6-9788-7766-554433221100}.Debug|x86.ActiveCfg = Debug|Any CPU
		{F1E2D3C4-B5A6-9788-7766-554433221100}.Debug|x86.Build.0 = Debug|Any CPU
		{F1E2D3C4-B5A6-9788-7766-554433221100}.Release|Any CPU.ActiveCfg = Release|Any CPU
		{F1E2D3C4-B5A6-9788-7766-554433221100}.Release|Any CPU.Build.0 = Release|Any CPU
		{F1E2D3C4-B5A6-9788-7766-554433221100}.Release|x64.ActiveCfg = Release|Any CPU
		{F1E2D3C4-B5A6-9788-7766-554433221100}.Release|x64.Build.0 = Release|Any CPU
		{F1E2D3C4-B5A6-9788-7766-554433221100}.Release|x86.ActiveCfg = Release|Any CPU
		{F1E2D3C4-B5A6-9788-7766-554433221100}.Release|x86.Build.0 = Release|Any CPU
		{F1E2D3C4-B5A6-9788-7766-554433221101}.Debug|Any CPU.ActiveCfg = Debug|Any CPU
		{F1E2D3C4-B5A6-9788-7766-554433221101}.Debug|Any CPU.Build.0 = Debug|Any CPU
		{F1E2D3C4-B5A6-9788-7766-554433221101}.Debug|x64.ActiveCfg = Debug|Any CPU
		{F1E2D3C4-B5A6-9788-7766-554433221101}.Debug|x64.Build.0 = Debug|Any CPU
		{F1E2D3C4-B5A6-9788-7766-554433221101}.Debug|x86.ActiveCfg = Debug|Any CPU
		{F1E2D3C4-B5A6-9788-7766-554433221101}.Debug|x86.Build.0 = Debug|Any CPU
		{F1E2D3C4-B5A6-9788-7766-554433221101}.Release|Any CPU.ActiveCfg = Release|Any CPU
		{F1E2D3C4-B5A6-9788-7766-554433221101}.Release|Any CPU.Build.0 = Release|Any CPU
		{F1E2D3C4-B5A6-9788-7766-554433221101}.Release|x64.ActiveCfg = Release|Any CPU
		{F1E2D3C4-B5A6-9788-7766-554433221101}.Release|x64.Build.0 = Release|Any CPU
		{F1E2D3C4-B5A6-9788-7766-554433221101}.Release|x86.ActiveCfg = Release|Any CPU
		{F1E2D3C4-B5A6-9788-7766-554433221101}.Release|x86.Build.0 = Release|Any CPU
		{F1E2D3C4-B5A6-9788-7766-554433221102}.Debug|Any CPU.ActiveCfg = Debug|Any CPU
		{F1E2D3C4-B5A6-9788-7766-554433221102}.Debug|Any CPU.Build.0 = Debug|Any CPU
		{F1E2D3C4-B5A6-9788-7766-554433221102}.Debug|x64.ActiveCfg = Debug|Any CPU
		{F1E2D3C4-B5A6-9788-7766-554433221102}.Debug|x64.Build.0 = Debug|Any CPU
		{F1E2D3C4-B5A6-9788-7766-554433221102}.Debug|x86.ActiveCfg = Debug|Any CPU
		{F1E2D3C4-B5A6-9788-7766-554433221102}.Debug|x86.Build.0 = Debug|Any CPU
		{F1E2D3C4-B5A6-9788-7766-554433221102}.Release|Any CPU.ActiveCfg = Release|Any CPU
		{F1E2D3C4-B5A6-9788-7766-554433221102}.Release|Any CPU.Build.0 = Release|Any CPU
		{F1E2D3C4-B5A6-9788-7766-554433221102}.Release|x64.ActiveCfg = Release|Any CPU
		{F1E2D3C4-B5A6-9788-7766-554433221102}.Release|x64.Build.0 = Release|Any CPU
		{F1E2D3C4-B5A6-9788-7766-554433221102}.Release|x86.ActiveCfg = Release|Any CPU
		{F1E2D3C4-B5A6-9788-7766-554433221102}.Release|x86.Build.0 = Release|Any CPU
		{F1E2D3C4-B5A6-9788-7766-554433221200}.Debug|Any CPU.ActiveCfg = Debug|Any CPU
		{F1E2D3C4-B5A6-9788-7766-554433221200}.Debug|Any CPU.Build.0 = Debug|Any CPU
		{F1E2D3C4-B5A6-9788-7766-554433221200}.Debug|x64.ActiveCfg = Debug|Any CPU
		{F1E2D3C4-B5A6-9788-7766-554433221200}.Debug|x64.Build.0 = Debug|Any CPU
		{F1E2D3C4-B5A6-9788-7766-554433221200}.Debug|x86.ActiveCfg = Debug|Any CPU
		{F1E2D3C4-B5A6-9788-7766-554433221200}.Debug|x86.Build.0 = Debug|Any CPU
		{F1E2D3C4-B5A6-9788-7766-554433221200}.Release|Any CPU.ActiveCfg = Release|Any CPU
		{F1E2D3C4-B5A6-9788-7766-554433221200}.Release|Any CPU.Build.0 = Release|Any CPU
		{F1E2D3C4-B5A6-9788-7766-554433221200}.Release|x64.ActiveCfg = Release|Any CPU
		{F1E2D3C4-B5A6-9788-7766-554433221200}.Release|x64.Build.0 = Release|Any CPU
		{F1E2D3C4-B5A6-9788-7766-554433221200}.Release|x86.ActiveCfg = Release|Any CPU
		{F1E2D3C4-B5A6-9788-7766-554433221200}.Release|x86.Build.0 = Release|Any CPU
		{F1E2D3C4-B5A6-9788-7766-554433221201}.Debug|Any CPU.ActiveCfg = Debug|Any CPU
		{F1E2D3C4-B5A6-9788-7766-554433221201}.Debug|Any CPU.Build.0 = Debug|Any CPU
		{F1E2D3C4-B5A6-9788-7766-554433221201}.Debug|x64.ActiveCfg = Debug|Any CPU
		{F1E2D3C4-B5A6-9788-7766-554433221201}.Debug|x64.Build.0 = Debug|Any CPU
		{F1E2D3C4-B5A6-9788-7766-554433221201}.Debug|x86.ActiveCfg = Debug|Any CPU
		{F1E2D3C4-B5A6-9788-7766-554433221201}.Debug|x86.Build.0 = Debug|Any CPU
		{F1E2D3C4-B5A6-9788-7766-554433221201}.Release|Any CPU.ActiveCfg = Release|Any CPU
		{F1E2D3C4-B5A6-9788-7766-554433221201}.Release|Any CPU.Build.0 = Release|Any CPU
		{F1E2D3C4-B5A6-9788-7766-554433221201}.Release|x64.ActiveCfg = Release|Any CPU
		{F1E2D3C4-B5A6-9788-7766-554433221201}.Release|x64.Build.0 = Release|Any CPU
		{F1E2D3C4-B5A6-9788-7766-554433221201}.Release|x86.ActiveCfg = Release|Any CPU
		{F1E2D3C4-B5A6-9788-7766-554433221201}.Release|x86.Build.0 = Release|Any CPU
	EndGlobalSection
	GlobalSection(SolutionProperties) = preSolution
		HideSolutionNode = FALSE
	EndGlobalSection
	GlobalSection(NestedProjects) = preSolution
		{05B02A4A-5ABA-C098-8AAA-AA83930CBB7D} = {BA2F99F9-9746-F2C6-F6E4-864B78F18D06}
		{C9548A54-612C-2091-25A3-9D1916002699} = {05B02A4A-5ABA-C098-8AAA-AA83930CBB7D}
		{BC903573-42B0-42A2-A41A-4608BA1CE686} = {C9548A54-612C-2091-25A3-9D1916002699}
		{F1E2D3C4-B5A6-9788-7766-554433221100} = {A1B2C3D4-1111-2222-3333-444455556666}
		{F1E2D3C4-B5A6-9788-7766-554433221101} = {A1B2C3D4-1111-2222-3333-444455556666}
		{F1E2D3C4-B5A6-9788-7766-554433221102} = {A1B2C3D4-1111-2222-3333-444455556666}
		{F1E2D3C4-B5A6-9788-7766-554433221200} = {C9548A54-612C-2091-25A3-9D1916002699}
		{F1E2D3C4-B5A6-9788-7766-554433221201} = {A1B2C3D4-1111-2222-3333-444455556666}
	EndGlobalSection
	GlobalSection(ExtensibilityGlobals) = postSolution
		SolutionGuid = {7332FE5E-1D16-489A-A751-7888B2BA4B32}
	EndGlobalSection
EndGlobal
